
Microsoft Visual Studio Solution File, Format Version 11.00
# Visual Studio 2010
Project("{2857B73E-F847-4B02-9238-064979017E93}") = "StupidBot", "StupidBot\StupidBot.cproj", "{2084F32E-299A-490A-BEA0-2C91B303528B}"
EndProject
Global
	GlobalSection(SolutionConfigurationPlatforms) = preSolution
		Debug|Any CPU = Debug|Any CPU
		Release|Any CPU = Release|Any CPU
	EndGlobalSection
	GlobalSection(ProjectConfigurationPlatforms) = postSolution
		{2084F32E-299A-490A-BEA0-2C91B303528B}.Debug|Any CPU.ActiveCfg = Debug|Any CPU
		{2084F32E-299A-490A-BEA0-2C91B303528B}.Debug|Any CPU.Build.0 = Debug|Any CPU
		{2084F32E-299A-490A-BEA0-2C91B303528B}.Release|Any CPU.ActiveCfg = Release|Any CPU
		{2084F32E-299A-490A-BEA0-2C91B303528B}.Release|Any CPU.Build.0 = Release|Any CPU
	EndGlobalSection
	GlobalSection(MonoDevelopProperties) = preSolution
		StartupItem = StupidBot\StupidBot.cproj
	EndGlobalSection
EndGlobal
